
Microsoft Visual Studio Solution File, Format Version 12.00
# Visual Studio Version 17
VisualStudioVersion = 17.11.35312.102
MinimumVisualStudioVersion = 10.0.40219.1
Project("{FAE04EC0-301F-11D3-BF4B-00C04F79EFBC}") = "Sheets&Styles", "Sheets&Styles.csproj", "{65E20E71-10D8-42CA-9AF1-FA551007C9AF}"
EndProject
Global
	GlobalSection(SolutionConfigurationPlatforms) = preSolution
		Debug|Any CPU = Debug|Any CPU
		Release|Any CPU = Release|Any CPU
	EndGlobalSection
	GlobalSection(ProjectConfigurationPlatforms) = postSolution
		{65E20E71-10D8-42CA-9AF1-FA551007C9AF}.Debug|Any CPU.ActiveCfg = Debug|Any CPU
		{65E20E71-10D8-42CA-9AF1-FA551007C9AF}.Debug|Any CPU.Build.0 = Debug|Any CPU
		{65E20E71-10D8-42CA-9AF1-FA551007C9AF}.Release|Any CPU.ActiveCfg = Release|Any CPU
		{65E20E71-10D8-42CA-9AF1-FA551007C9AF}.Release|Any CPU.Build.0 = Release|Any CPU
	EndGlobalSection
	GlobalSection(SolutionProperties) = preSolution
		HideSolutionNode = FALSE
	EndGlobalSection
	GlobalSection(ExtensibilityGlobals) = postSolution
		SolutionGuid = {245AD661-E359-4CBE-97C4-C7EF3AC41909}
	EndGlobalSection
EndGlobal
